version = 1
revision = 3
requires-python = ">=3.14"

[[package]]
name = "click"
version = "8.3.3"
source = { registry = "https://nexus.roqs.basf.net/repository/python/simple" }
dependencies = [
    { name = "colorama", marker = "sys_platform == 'win32'" },
]
sdist = { url = "https://nexus.roqs.basf.net/repository/python/packages/click/8.3.3/click-8.3.3.tar.gz", hash = "sha256:398329ad4837b2ff7cbe1dd166a4c0f8900c3ca3a218de04466f38f6497f18a2" }
wheels = [
    { url = "https://nexus.roqs.basf.net/repository/python/packages/click/8.3.3/click-8.3.3-py3-none-any.whl", hash = "sha256:a2bf429bb3033c89fa4936ffb35d5cb471e3719e1f3c8a7c3fff0b8314305613" },
]

[[package]]
name = "colorama"
version = "0.4.6"
source = { registry = "https://nexus.roqs.basf.net/repository/python/simple" }
sdist = { url = "https://nexus.roqs.basf.net/repository/python/packages/colorama/0.4.6/colorama-0.4.6.tar.gz", hash = "sha256:08695f5cb7ed6e0531a20572697297273c47b8cae5a63ffc6d6ed5c201be6e44" }
wheels = [
    { url = "https://nexus.roqs.basf.net/repository/python/packages/colorama/0.4.6/colorama-0.4.6-py2.py3-none-any.whl", hash = "sha256:4f1d9991f5acc0ca119f9d443620b77f9d6b33703e51011c16baf57afb285fc6" },
]

[[package]]
name = "davidwalz-github-io"
version = "0.1.0"
source = { virtual = "." }
dependencies = [
    { name = "zensical" },
]

[package.metadata]
requires-dist = [{ name = "zensical", specifier = ">=0.0.36" }]

[[package]]
name = "deepmerge"
version = "2.0"
source = { registry = "https://nexus.roqs.basf.net/repository/python/simple" }
sdist = { url = "https://nexus.roqs.basf.net/repository/python/packages/deepmerge/2.0/deepmerge-2.0.tar.gz", hash = "sha256:5c3d86081fbebd04dd5de03626a0607b809a98fb6ccba5770b62466fe940ff20" }
wheels = [
    { url = "https://nexus.roqs.basf.net/repository/python/packages/deepmerge/2.0/deepmerge-2.0-py3-none-any.whl", hash = "sha256:6de9ce507115cff0bed95ff0ce9ecc31088ef50cbdf09bc90a09349a318b3d00" },
]

[[package]]
name = "markdown"
version = "3.10.2"
source = { registry = "https://nexus.roqs.basf.net/repository/python/simple" }
sdist = { url = "https://nexus.roqs.basf.net/repository/python/packages/markdown/3.10.2/markdown-3.10.2.tar.gz", hash = "sha256:994d51325d25ad8aa7ce4ebaec003febcce822c3f8c911e3b17c52f7f589f950" }
wheels = [
    { url = "https://nexus.roqs.basf.net/repository/python/packages/markdown/3.10.2/markdown-3.10.2-py3-none-any.whl", hash = "sha256:e91464b71ae3ee7afd3017d9f358ef0baf158fd9a298db92f1d4761133824c36" },
]

[[package]]
name = "pygments"
version = "2.20.0"
source = { registry = "https://nexus.roqs.basf.net/repository/python/simple" }
sdist = { url = "https://nexus.roqs.basf.net/repository/python/packages/pygments/2.20.0/pygments-2.20.0.tar.gz", hash = "sha256:6757cd03768053ff99f3039c1a36d6c0aa0b263438fcab17520b30a303a82b5f" }
wheels = [
    { url = "https://nexus.roqs.basf.net/repository/python/packages/pygments/2.20.0/pygments-2.20.0-py3-none-any.whl", hash = "sha256:81a9e26dd42fd28a23a2d169d86d7ac03b46e2f8b59ed4698fb4785f946d0176" },
]

[[package]]
name = "pymdown-extensions"
version = "10.21.2"
source = { registry = "https://nexus.roqs.basf.net/repository/python/simple" }
dependencies = [
    { name = "markdown" },
    { name = "pyyaml" },
]
sdist = { url = "https://nexus.roqs.basf.net/repository/python/packages/pymdown-extensions/10.21.2/pymdown_extensions-10.21.2.tar.gz", hash = "sha256:c3f55a5b8a1d0edf6699e35dcbea71d978d34ff3fa79f3d807b8a5b3fa90fbdc" }
wheels = [
    { url = "https://nexus.roqs.basf.net/repository/python/packages/pymdown-extensions/10.21.2/pymdown_extensions-10.21.2-py3-none-any.whl", hash = "sha256:5c0fd2a2bea14eb39af8ff284f1066d898ab2187d81b889b75d46d4348c01638" },
]

[[package]]
name = "pyyaml"
version = "6.0.3"
source = { registry = "https://nexus.roqs.basf.net/repository/python/simple" }
sdist = { url = "https://nexus.roqs.basf.net/repository/python/packages/pyyaml/6.0.3/pyyaml-6.0.3.tar.gz", hash = "sha256:d76623373421df22fb4cf8817020cbb7ef15c725b9d5e45f17e189bfc384190f" }
wheels = [
    { url = "https://nexus.roqs.basf.net/repository/python/packages/pyyaml/6.0.3/pyyaml-6.0.3-cp314-cp314-macosx_10_13_x86_64.whl", hash = "sha256:8d1fab6bb153a416f9aeb4b8763bc0f22a5586065f86f7664fc23339fc1c1fac" },
    { url = "https://nexus.roqs.basf.net/repository/python/packages/pyyaml/6.0.3/pyyaml-6.0.3-cp314-cp314-macosx_11_0_arm64.whl", hash = "sha256:34d5fcd24b8445fadc33f9cf348c1047101756fd760b4dacb5c3e99755703310" },
    { url = "https://nexus.roqs.basf.net/repository/python/packages/pyyaml/6.0.3/pyyaml-6.0.3-cp314-cp314-manylinux2014_aarch64.manylinux_2_17_aarch64.manylinux_2_28_aarch64.whl", hash = "sha256:501a031947e3a9025ed4405a168e6ef5ae3126c59f90ce0cd6f2bfc477be31b7" },
    { url = "https://nexus.roqs.basf.net/repository/python/packages/pyyaml/6.0.3/pyyaml-6.0.3-cp314-cp314-manylinux2014_s390x.manylinux_2_17_s390x.manylinux_2_28_s390x.whl", hash = "sha256:b3bc83488de33889877a0f2543ade9f70c67d66d9ebb4ac959502e12de895788" },
    { url = "https://nexus.roqs.basf.net/repository/python/packages/pyyaml/6.0.3/pyyaml-6.0.3-cp314-cp314-manylinux2014_x86_64.manylinux_2_17_x86_64.manylinux_2_28_x86_64.whl", hash = "sha256:c458b6d084f9b935061bc36216e8a69a7e293a2f1e68bf956dcd9e6cbcd143f5" },
    { url = "https://nexus.roqs.basf.net/repository/python/packages/pyyaml/6.0.3/pyyaml-6.0.3-cp314-cp314-musllinux_1_2_aarch64.whl", hash = "sha256:7c6610def4f163542a622a73fb39f534f8c101d690126992300bf3207eab9764" },
    { url = "https://nexus.roqs.basf.net/repository/python/packages/pyyaml/6.0.3/pyyaml-6.0.3-cp314-cp314-musllinux_1_2_x86_64.whl", hash = "sha256:5190d403f121660ce8d1d2c1bb2ef1bd05b5f68533fc5c2ea899bd15f4399b35" },
    { url = "https://nexus.roqs.basf.net/repository/python/packages/pyyaml/6.0.3/pyyaml-6.0.3-cp314-cp314-win_amd64.whl", hash = "sha256:4a2e8cebe2ff6ab7d1050ecd59c25d4c8bd7e6f400f5f82b96557ac0abafd0ac" },
    { url = "https://nexus.roqs.basf.net/repository/python/packages/pyyaml/6.0.3/pyyaml-6.0.3-cp314-cp314-win_arm64.whl", hash = "sha256:93dda82c9c22deb0a405ea4dc5f2d0cda384168e466364dec6255b293923b2f3" },
    { url = "https://nexus.roqs.basf.net/repository/python/packages/pyyaml/6.0.3/pyyaml-6.0.3-cp314-cp314t-macosx_10_13_x86_64.whl", hash = "sha256:02893d100e99e03eda1c8fd5c441d8c60103fd175728e23e431db1b589cf5ab3" },
    { url = "https://nexus.roqs.basf.net/repository/python/packages/pyyaml/6.0.3/pyyaml-6.0.3-cp314-cp314t-macosx_11_0_arm64.whl", hash = "sha256:c1ff362665ae507275af2853520967820d9124984e0f7466736aea23d8611fba" },
    { url = "https://nexus.roqs.basf.net/repository/python/packages/pyyaml/6.0.3/pyyaml-6.0.3-cp314-cp314t-manylinux2014_aarch64.manylinux_2_17_aarch64.manylinux_2_28_aarch64.whl", hash = "sha256:6adc77889b628398debc7b65c073bcb99c4a0237b248cacaf3fe8a557563ef6c" },
    { url = "https://nexus.roqs.basf.net/repository/python/packages/pyyaml/6.0.3/pyyaml-6.0.3-cp314-cp314t-manylinux2014_s390x.manylinux_2_17_s390x.manylinux_2_28_s390x.whl", hash = "sha256:a80cb027f6b349846a3bf6d73b5e95e782175e52f22108cfa17876aaeff93702" },
    { url = "https://nexus.roqs.basf.net/repository/python/packages/pyyaml/6.0.3/pyyaml-6.0.3-cp314-cp314t-manylinux2014_x86_64.manylinux_2_17_x86_64.manylinux_2_28_x86_64.whl", hash = "sha256:00c4bdeba853cc34e7dd471f16b4114f4162dc03e6b7afcc2128711f0eca823c" },
    { url = "https://nexus.roqs.basf.net/repository/python/packages/pyyaml/6.0.3/pyyaml-6.0.3-cp314-cp314t-musllinux_1_2_aarch64.whl", hash = "sha256:66e1674c3ef6f541c35191caae2d429b967b99e02040f5ba928632d9a7f0f065" },
    { url = "https://nexus.roqs.basf.net/repository/python/packages/pyyaml/6.0.3/pyyaml-6.0.3-cp314-cp314t-musllinux_1_2_x86_64.whl", hash = "sha256:16249ee61e95f858e83976573de0f5b2893b3677ba71c9dd36b9cf8be9ac6d65" },
    { url = "https://nexus.roqs.basf.net/repository/python/packages/pyyaml/6.0.3/pyyaml-6.0.3-cp314-cp314t-win_amd64.whl", hash = "sha256:4ad1906908f2f5ae4e5a8ddfce73c320c2a1429ec52eafd27138b7f1cbe341c9" },
    { url = "https://nexus.roqs.basf.net/repository/python/packages/pyyaml/6.0.3/pyyaml-6.0.3-cp314-cp314t-win_arm64.whl", hash = "sha256:ebc55a14a21cb14062aa4162f906cd962b28e2e9ea38f9b4391244cd8de4ae0b" },
]

[[package]]
name = "tomli"
version = "2.4.1"
source = { registry = "https://nexus.roqs.basf.net/repository/python/simple" }
sdist = { url = "https://nexus.roqs.basf.net/repository/python/packages/tomli/2.4.1/tomli-2.4.1.tar.gz", hash = "sha256:7c7e1a961a0b2f2472c1ac5b69affa0ae1132c39adcb67aba98568702b9cc23f" }
wheels = [
    { url = "https://nexus.roqs.basf.net/repository/python/packages/tomli/2.4.1/tomli-2.4.1-cp314-cp314-macosx_10_15_x86_64.whl", hash = "sha256:fd0409a3653af6c147209d267a0e4243f0ae46b011aa978b1080359fddc9b6cf" },
    { url = "https://nexus.roqs.basf.net/repository/python/packages/tomli/2.4.1/tomli-2.4.1-cp314-cp314-macosx_11_0_arm64.whl", hash = "sha256:a120733b01c45e9a0c34aeef92bf0cf1d56cfe81ed9d47d562f9ed591a9828ac" },
    { url = "https://nexus.roqs.basf.net/repository/python/packages/tomli/2.4.1/tomli-2.4.1-cp314-cp314-manylinux2014_aarch64.manylinux_2_17_aarch64.manylinux_2_28_aarch64.whl", hash = "sha256:559db847dc486944896521f68d8190be1c9e719fced785720d2216fe7022b662" },
    { url = "https://nexus.roqs.basf.net/repository/python/packages/tomli/2.4.1/tomli-2.4.1-cp314-cp314-manylinux2014_x86_64.manylinux_2_17_x86_64.manylinux_2_28_x86_64.whl", hash = "sha256:01f520d4f53ef97964a240a035ec2a869fe1a37dde002b57ebc4417a27ccd853" },
    { url = "https://nexus.roqs.basf.net/repository/python/packages/tomli/2.4.1/tomli-2.4.1-cp314-cp314-musllinux_1_2_aarch64.whl", hash = "sha256:7f94b27a62cfad8496c8d2513e1a222dd446f095fca8987fceef261225538a15" },
    { url = "https://nexus.roqs.basf.net/repository/python/packages/tomli/2.4.1/tomli-2.4.1-cp314-cp314-musllinux_1_2_x86_64.whl", hash = "sha256:ede3e6487c5ef5d28634ba3f31f989030ad6af71edfb0055cbbd14189ff240ba" },
    { url = "https://nexus.roqs.basf.net/repository/python/packages/tomli/2.4.1/tomli-2.4.1-cp314-cp314-win32.whl", hash = "sha256:3d48a93ee1c9b79c04bb38772ee1b64dcf18ff43085896ea460ca8dec96f35f6" },
    { url = "https://nexus.roqs.basf.net/repository/python/packages/tomli/2.4.1/tomli-2.4.1-cp314-cp314-win_amd64.whl", hash = "sha256:88dceee75c2c63af144e456745e10101eb67361050196b0b6af5d717254dddf7" },
    { url = "https://nexus.roqs.basf.net/repository/python/packages/tomli/2.4.1/tomli-2.4.1-cp314-cp314-win_arm64.whl", hash = "sha256:b8c198f8c1805dc42708689ed6864951fd2494f924149d3e4bce7710f8eb5232" },
    { url = "https://nexus.roqs.basf.net/repository/python/packages/tomli/2.4.1/tomli-2.4.1-cp314-cp314t-macosx_10_15_x86_64.whl", hash = "sha256:d4d8fe59808a54658fcc0160ecfb1b30f9089906c50b23bcb4c69eddc19ec2b4" },
    { url = "https://nexus.roqs.basf.net/repository/python/packages/tomli/2.4.1/tomli-2.4.1-cp314-cp314t-macosx_11_0_arm64.whl", hash = "sha256:7008df2e7655c495dd12d2a4ad038ff878d4ca4b81fccaf82b714e07eae4402c" },
    { url = "https://nexus.roqs.basf.net/repository/python/packages/tomli/2.4.1/tomli-2.4.1-cp314-cp314t-manylinux2014_aarch64.manylinux_2_17_aarch64.manylinux_2_28_aarch64.whl", hash = "sha256:1d8591993e228b0c930c4bb0db464bdad97b3289fb981255d6c9a41aedc84b2d" },
    { url = "https://nexus.roqs.basf.net/repository/python/packages/tomli/2.4.1/tomli-2.4.1-cp314-cp314t-manylinux2014_x86_64.manylinux_2_17_x86_64.manylinux_2_28_x86_64.whl", hash = "sha256:734e20b57ba95624ecf1841e72b53f6e186355e216e5412de414e3c51e5e3c41" },
    { url = "https://nexus.roqs.basf.net/repository/python/packages/tomli/2.4.1/tomli-2.4.1-cp314-cp314t-musllinux_1_2_aarch64.whl", hash = "sha256:8a650c2dbafa08d42e51ba0b62740dae4ecb9338eefa093aa5c78ceb546fcd5c" },
    { url = "https://nexus.roqs.basf.net/repository/python/packages/tomli/2.4.1/tomli-2.4.1-cp314-cp314t-musllinux_1_2_x86_64.whl", hash = "sha256:504aa796fe0569bb43171066009ead363de03675276d2d121ac1a4572397870f" },
    { url = "https://nexus.roqs.basf.net/repository/python/packages/tomli/2.4.1/tomli-2.4.1-cp314-cp314t-win32.whl", hash = "sha256:b1d22e6e9387bf4739fbe23bfa80e93f6b0373a7f1b96c6227c32bef95a4d7a8" },
    { url = "https://nexus.roqs.basf.net/repository/python/packages/tomli/2.4.1/tomli-2.4.1-cp314-cp314t-win_amd64.whl", hash = "sha256:2c1c351919aca02858f740c6d33adea0c5deea37f9ecca1cc1ef9e884a619d26" },
    { url = "https://nexus.roqs.basf.net/repository/python/packages/tomli/2.4.1/tomli-2.4.1-cp314-cp314t-win_arm64.whl", hash = "sha256:eab21f45c7f66c13f2a9e0e1535309cee140182a9cdae1e041d02e47291e8396" },
    { url = "https://nexus.roqs.basf.net/repository/python/packages/tomli/2.4.1/tomli-2.4.1-py3-none-any.whl", hash = "sha256:0d85819802132122da43cb86656f8d1f8c6587d54ae7dcaf30e90533028b49fe" },
]

[[package]]
name = "zensical"
version = "0.0.36"
source = { registry = "https://nexus.roqs.basf.net/repository/python/simple" }
dependencies = [
    { name = "click" },
    { name = "deepmerge" },
    { name = "markdown" },
    { name = "pygments" },
    { name = "pymdown-extensions" },
    { name = "pyyaml" },
    { name = "tomli" },
]
sdist = { url = "https://nexus.roqs.basf.net/repository/python/packages/zensical/0.0.36/zensical-0.0.36.tar.gz", hash = "sha256:32126c57fd241267e55c863f2bdd31bfe4422c376280e74e4a1036a89c0d513c" }
wheels = [
    { url = "https://nexus.roqs.basf.net/repository/python/packages/zensical/0.0.36/zensical-0.0.36-cp310-abi3-macosx_10_12_x86_64.whl", hash = "sha256:3d42312267c4124ed67ddfd2809167bdd3ea4f71892c8a20897be98b66da8b73" },
    { url = "https://nexus.roqs.basf.net/repository/python/packages/zensical/0.0.36/zensical-0.0.36-cp310-abi3-macosx_11_0_arm64.whl", hash = "sha256:8462c133c8da5234cd301ad3c722d52d66a0092a51b7b93e2ce12f217976b29b" },
    { url = "https://nexus.roqs.basf.net/repository/python/packages/zensical/0.0.36/zensical-0.0.36-cp310-abi3-manylinux_2_17_aarch64.manylinux2014_aarch64.whl", hash = "sha256:c0a6dc86dc0d8488b18c6501d62b63989a538350a33173347da8b9f1f54bed2c" },
    { url = "https://nexus.roqs.basf.net/repository/python/packages/zensical/0.0.36/zensical-0.0.36-cp310-abi3-manylinux_2_17_armv7l.manylinux2014_armv7l.whl", hash = "sha256:d31c726d7f13601a568a2a9e80592472da24657ff5428ef15c2c95bc458cb65b" },
    { url = "https://nexus.roqs.basf.net/repository/python/packages/zensical/0.0.36/zensical-0.0.36-cp310-abi3-manylinux_2_17_i686.manylinux2014_i686.whl", hash = "sha256:3a7e8b32e41784d19122cb16a0bd6fcb53852177ce689ceba1ba7a8bb20fe3a0" },
    { url = "https://nexus.roqs.basf.net/repository/python/packages/zensical/0.0.36/zensical-0.0.36-cp310-abi3-manylinux_2_17_x86_64.manylinux2014_x86_64.whl", hash = "sha256:abe5d24716107edb033c2326c816b891952b98b9637c5308f5320712a2e70aac" },
    { url = "https://nexus.roqs.basf.net/repository/python/packages/zensical/0.0.36/zensical-0.0.36-cp310-abi3-musllinux_1_2_aarch64.whl", hash = "sha256:9ed7a54465b497d1548aeb6b38a99ac6f45c8f191a5cf2a180902af28c0cd58a" },
    { url = "https://nexus.roqs.basf.net/repository/python/packages/zensical/0.0.36/zensical-0.0.36-cp310-abi3-musllinux_1_2_armv7l.whl", hash = "sha256:282eb4eaf7cd3bd389a4b826c1c13a30136e5c6fcfcafce26fc27cd05acc660f" },
    { url = "https://nexus.roqs.basf.net/repository/python/packages/zensical/0.0.36/zensical-0.0.36-cp310-abi3-musllinux_1_2_i686.whl", hash = "sha256:36d5719df268697dbcf7aa5bbea9eea353501c80b1c6c17d6c7f2c69405be9af" },
    { url = "https://nexus.roqs.basf.net/repository/python/packages/zensical/0.0.36/zensical-0.0.36-cp310-abi3-musllinux_1_2_x86_64.whl", hash = "sha256:7771aaf33f7d06f779e041930812fe65f5f97a6f4fbd1c7e51924ce1a27c0c66" },
    { url = "https://nexus.roqs.basf.net/repository/python/packages/zensical/0.0.36/zensical-0.0.36-cp310-abi3-win32.whl", hash = "sha256:61f1dff7c38a8d0acb054c11426c25f0a57b973703eb3d0bf1e8cc04ca54d047" },
    { url = "https://nexus.roqs.basf.net/repository/python/packages/zensical/0.0.36/zensical-0.0.36-cp310-abi3-win_amd64.whl", hash = "sha256:be08cdf13599cfa92d71563ec12058ab20f234ed5489293b83b0f29563cc588a" },
]
